// !$*UTF8*$!
{
	archiveVersion = 1;
	classes = {
	};
	objectVersion = 56;
	objects = {

/* Begin PBXBuildFile section */
		0B8185942BCDA1DF0067499B /* SwiftForecastApp.swift in Sources */ = {isa = PBXBuildFile; fileRef = 0B8185932BCDA1DF0067499B /* SwiftForecastApp.swift */; };
		0B8185962BCDA1DF0067499B /* ContentView.swift in Sources */ = {isa = PBXBuildFile; fileRef = 0B8185952BCDA1DF0067499B /* ContentView.swift */; };
		0B8185982BCDA1E20067499B /* Assets.xcassets in Resources */ = {isa = PBXBuildFile; fileRef = 0B8185972BCDA1E20067499B /* Assets.xcassets */; };
		0B81859B2BCDA1E20067499B /* Preview Assets.xcassets in Resources */ = {isa = PBXBuildFile; fileRef = 0B81859A2BCDA1E20067499B /* Preview Assets.xcassets */; };
		0B8185A52BCDA1E20067499B /* SwiftForecastTests.swift in Sources */ = {isa = PBXBuildFile; fileRef = 0B8185A42BCDA1E20067499B /* SwiftForecastTests.swift */; };
		0B8185AF2BCDA1E30067499B /* SwiftForecastUITests.swift in Sources */ = {isa = PBXBuildFile; fileRef = 0B8185AE2BCDA1E30067499B /* SwiftForecastUITests.swift */; };
		0B8185B12BCDA1E30067499B /* SwiftForecastUITestsLaunchTests.swift in Sources */ = {isa = PBXBuildFile; fileRef = 0B8185B02BCDA1E30067499B /* SwiftForecastUITestsLaunchTests.swift */; };
/* End PBXBuildFile section */

/* Begin PBXContainerItemProxy section */
		0B8185A12BCDA1E20067499B /* PBXContainerItemProxy */ = {
			isa = PBXContainerItemProxy;
			containerPortal = 0B8185882BCDA1DF0067499B /* Project object */;
			proxyType = 1;
			remoteGlobalIDString = 0B81858F2BCDA1DF0067499B;
			remoteInfo = SwiftForecast;
		};
		0B8185AB2BCDA1E30067499B /* PBXContainerItemProxy */ = {
			isa = PBXContainerItemProxy;
			containerPortal = 0B8185882BCDA1DF0067499B /* Project object */;
			proxyType = 1;
			remoteGlobalIDString = 0B81858F2BCDA1DF0067499B;
			remoteInfo = SwiftForecast;
		};
/* End PBXContainerItemProxy section */

/* Begin PBXFileReference section */
		0B8185902BCDA1DF0067499B /* SwiftForecast.app */ = {isa = PBXFileReference; explicitFileType = wrapper.application; includeInIndex = 0; path = SwiftForecast.app; sourceTree = BUILT_PRODUCTS_DIR; };
		0B8185932BCDA1DF0067499B /* SwiftForecastApp.swift */ = {isa = PBXFileReference; lastKnownFileType = sourcecode.swift; path = SwiftForecastApp.swift; sourceTree = "<group>"; };
		0B8185952BCDA1DF0067499B /* ContentView.swift */ = {isa = PBXFileReference; lastKnownFileType = sourcecode.swift; path = ContentView.swift; sourceTree = "<group>"; };
		0B8185972BCDA1E20067499B /* Assets.xcassets */ = {isa = PBXFileReference; lastKnownFileType = folder.assetcatalog; path = Assets.xcassets; sourceTree = "<group>"; };
		0B81859A2BCDA1E20067499B /* Preview Assets.xcassets */ = {isa = PBXFileReference; lastKnownFileType = folder.assetcatalog; path = "Preview Assets.xcassets"; sourceTree = "<group>"; };
		0B8185A02BCDA1E20067499B /* SwiftForecastTests.xctest */ = {isa = PBXFileReference; explicitFileType = wrapper.cfbundle; includeInIndex = 0; path = SwiftForecastTests.xctest; sourceTree = BUILT_PRODUCTS_DIR; };
		0B8185A42BCDA1E20067499B /* SwiftForecastTests.swift */ = {isa = PBXFileReference; lastKnownFileType = sourcecode.swift; path = SwiftForecastTests.swift; sourceTree = "<group>"; };
		0B8185AA2BCDA1E30067499B /* SwiftForecastUITests.xctest */ = {isa = PBXFileReference; explicitFileType = wrapper.cfbundle; includeInIndex = 0; path = SwiftForecastUITests.xctest; sourceTree = BUILT_PRODUCTS_DIR; };
		0B8185AE2BCDA1E30067499B /* SwiftForecastUITests.swift */ = {isa = PBXFileReference; lastKnownFileType = sourcecode.swift; path = SwiftForecastUITests.swift; sourceTree = "<group>"; };
		0B8185B02BCDA1E30067499B /* SwiftForecastUITestsLaunchTests.swift */ = {isa = PBXFileReference; lastKnownFileType = sourcecode.swift; path = SwiftForecastUITestsLaunchTests.swift; sourceTree = "<group>"; };
/* End PBXFileReference section */

/* Begin PBXFrameworksBuildPhase section */
		0B81858D2BCDA1DF0067499B /* Frameworks */ = {
			isa = PBXFrameworksBuildPhase;
			buildActionMask = 2147483647;
			files = (
			);
			runOnlyForDeploymentPostprocessing = 0;
		};
		0B81859D2BCDA1E20067499B /* Frameworks */ = {
			isa = PBXFrameworksBuildPhase;
			buildActionMask = 2147483647;
			files = (
			);
			runOnlyForDeploymentPostprocessing = 0;
		};
		0B8185A72BCDA1E30067499B /* Frameworks */ = {
			isa = PBXFrameworksBuildPhase;
			buildActionMask = 2147483647;
			files = (
			);
			runOnlyForDeploymentPostprocessing = 0;
		};
/* End PBXFrameworksBuildPhase section */

/* Begin PBXGroup section */
		0B8185872BCDA1DF0067499B = {
			isa = PBXGroup;
			children = (
				0B8185922BCDA1DF0067499B /* SwiftForecast */,
				0B8185A32BCDA1E20067499B /* SwiftForecastTests */,
				0B8185AD2BCDA1E30067499B /* SwiftForecastUITests */,
				0B8185912BCDA1DF0067499B /* Products */,
			);
			sourceTree = "<group>";
		};
		0B8185912BCDA1DF0067499B /* Products */ = {
			isa = PBXGroup;
			children = (
				0B8185902BCDA1DF0067499B /* SwiftForecast.app */,
				0B8185A02BCDA1E20067499B /* SwiftForecastTests.xctest */,
				0B8185AA2BCDA1E30067499B /* SwiftForecastUITests.xctest */,
			);
			name = Products;
			sourceTree = "<group>";
		};
		0B8185922BCDA1DF0067499B /* SwiftForecast */ = {
			isa = PBXGroup;
			children = (
				0B8185932BCDA1DF0067499B /* SwiftForecastApp.swift */,
				0B8185952BCDA1DF0067499B /* ContentView.swift */,
				0B8185972BCDA1E20067499B /* Assets.xcassets */,
				0B8185992BCDA1E20067499B /* Preview Content */,
			);
			path = SwiftForecast;
			sourceTree = "<group>";
		};
		0B8185992BCDA1E20067499B /* Preview Content */ = {
			isa = PBXGroup;
			children = (
				0B81859A2BCDA1E20067499B /* Preview Assets.xcassets */,
			);
			path = "Preview Content";
			sourceTree = "<group>";
		};
		0B8185A32BCDA1E20067499B /* SwiftForecastTests */ = {
			isa = PBXGroup;
			children = (
				0B8185A42BCDA1E20067499B /* SwiftForecastTests.swift */,
			);
			path = SwiftForecastTests;
			sourceTree = "<group>";
		};
		0B8185AD2BCDA1E30067499B /* SwiftForecastUITests */ = {
			isa = PBXGroup;
			children = (
				0B8185AE2BCDA1E30067499B /* SwiftForecastUITests.swift */,
				0B8185B02BCDA1E30067499B /* SwiftForecastUITestsLaunchTests.swift */,
			);
			path = SwiftForecastUITests;
			sourceTree = "<group>";
		};
/* End PBXGroup section */

/* Begin PBXNativeTarget section */
		0B81858F2BCDA1DF0067499B /* SwiftForecast */ = {
			isa = PBXNativeTarget;
			buildConfigurationList = 0B8185B42BCDA1E30067499B /* Build configuration list for PBXNativeTarget "SwiftForecast" */;
			buildPhases = (
				0B81858C2BCDA1DF0067499B /* Sources */,
				0B81858D2BCDA1DF0067499B /* Frameworks */,
				0B81858E2BCDA1DF0067499B /* Resources */,
			);
			buildRules = (
			);
			dependencies = (
			);
			name = SwiftForecast;
			productName = SwiftForecast;
			productReference = 0B8185902BCDA1DF0067499B /* SwiftForecast.app */;
			productType = "com.apple.product-type.application";
		};
		0B81859F2BCDA1E20067499B /* SwiftForecastTests */ = {
			isa = PBXNativeTarget;
			buildConfigurationList = 0B8185B72BCDA1E30067499B /* Build configuration list for PBXNativeTarget "SwiftForecastTests" */;
			buildPhases = (
				0B81859C2BCDA1E20067499B /* Sources */,
				0B81859D2BCDA1E20067499B /* Frameworks */,
				0B81859E2BCDA1E20067499B /* Resources */,
			);
			buildRules = (
			);
			dependencies = (
				0B8185A22BCDA1E20067499B /* PBXTargetDependency */,
			);
			name = SwiftForecastTests;
			productName = SwiftForecastTests;
			productReference = 0B8185A02BCDA1E20067499B /* SwiftForecastTests.xctest */;
			productType = "com.apple.product-type.bundle.unit-test";
		};
		0B8185A92BCDA1E30067499B /* SwiftForecastUITests */ = {
			isa = PBXNativeTarget;
			buildConfigurationList = 0B8185BA2BCDA1E30067499B /* Build configuration list for PBXNativeTarget "SwiftForecastUITests" */;
			buildPhases = (
				0B8185A62BCDA1E30067499B /* Sources */,
				0B8185A72BCDA1E30067499B /* Frameworks */,
				0B8185A82BCDA1E30067499B /* Resources */,
			);
			buildRules = (
			);
			dependencies = (
				0B8185AC2BCDA1E30067499B /* PBXTargetDependency */,
			);
			name = SwiftForecastUITests;
			productName = SwiftForecastUITests;
			productReference = 0B8185AA2BCDA1E30067499B /* SwiftForecastUITests.xctest */;
			productType = "com.apple.product-type.bundle.ui-testing";
		};
/* End PBXNativeTarget section */

/* Begin PBXProject section */
		0B8185882BCDA1DF0067499B /* Project object */ = {
			isa = PBXProject;
			attributes = {
				BuildIndependentTargetsInParallel = 1;
				LastSwiftUpdateCheck = 1420;
				LastUpgradeCheck = 1420;
				TargetAttributes = {
					0B81858F2BCDA1DF0067499B = {
						CreatedOnToolsVersion = 14.2;
					};
					0B81859F2BCDA1E20067499B = {
						CreatedOnToolsVersion = 14.2;
						TestTargetID = 0B81858F2BCDA1DF0067499B;
					};
					0B8185A92BCDA1E30067499B = {
						CreatedOnToolsVersion = 14.2;
						TestTargetID = 0B81858F2BCDA1DF0067499B;
					};
				};
			};
			buildConfigurationList = 0B81858B2BCDA1DF0067499B /* Build configuration list for PBXProject "SwiftForecast" */;
			compatibilityVersion = "Xcode 14.0";
			developmentRegion = en;
			hasScannedForEncodings = 0;
			knownRegions = (
				en,
				Base,
			);
			mainGroup = 0B8185872BCDA1DF0067499B;
			productRefGroup = 0B8185912BCDA1DF0067499B /* Products */;
			projectDirPath = "";
			projectRoot = "";
			targets = (
				0B81858F2BCDA1DF0067499B /* SwiftForecast */,
				0B81859F2BCDA1E20067499B /* SwiftForecastTests */,
				0B8185A92BCDA1E30067499B /* SwiftForecastUITests */,
			);
		};
/* End PBXProject section */

/* Begin PBXResourcesBuildPhase section */
		0B81858E2BCDA1DF0067499B /* Resources */ = {
			isa = PBXResourcesBuildPhase;
			buildActionMask = 2147483647;
			files = (
				0B81859B2BCDA1E20067499B /* Preview Assets.xcassets in Resources */,
				0B8185982BCDA1E20067499B /* Assets.xcassets in Resources */,
			);
			runOnlyForDeploymentPostprocessing = 0;
		};
		0B81859E2BCDA1E20067499B /* Resources */ = {
			isa = PBXResourcesBuildPhase;
			buildActionMask = 2147483647;
			files = (
			);
			runOnlyForDeploymentPostprocessing = 0;
		};
		0B8185A82BCDA1E30067499B /* Resources */ = {
			isa = PBXResourcesBuildPhase;
			buildActionMask = 2147483647;
			files = (
			);
			runOnlyForDeploymentPostprocessing = 0;
		};
/* End PBXResourcesBuildPhase section */

/* Begin PBXSourcesBuildPhase section */
		0B81858C2BCDA1DF0067499B /* Sources */ = {
			isa = PBXSourcesBuildPhase;
			buildActionMask = 2147483647;
			files = (
				0B8185962BCDA1DF0067499B /* ContentView.swift in Sources */,
				0B8185942BCDA1DF0067499B /* SwiftForecastApp.swift in Sources */,
			);
			runOnlyForDeploymentPostprocessing = 0;
		};
		0B81859C2BCDA1E20067499B /* Sources */ = {
			isa = PBXSourcesBuildPhase;
			buildActionMask = 2147483647;
			files = (
				0B8185A52BCDA1E20067499B /* SwiftForecastTests.swift in Sources */,
			);
			runOnlyForDeploymentPostprocessing = 0;
		};
		0B8185A62BCDA1E30067499B /* Sources */ = {
			isa = PBXSourcesBuildPhase;
			buildActionMask = 2147483647;
			files = (
				0B8185AF2BCDA1E30067499B /* SwiftForecastUITests.swift in Sources */,
				0B8185B12BCDA1E30067499B /* SwiftForecastUITestsLaunchTests.swift in Sources */,
			);
			runOnlyForDeploymentPostprocessing = 0;
		};
/* End PBXSourcesBuildPhase section */

/* Begin PBXTargetDependency section */
		0B8185A22BCDA1E20067499B /* PBXTargetDependency */ = {
			isa = PBXTargetDependency;
			target = 0B81858F2BCDA1DF0067499B /* SwiftForecast */;
			targetProxy = 0B8185A12BCDA1E20067499B /* PBXContainerItemProxy */;
		};
		0B8185AC2BCDA1E30067499B /* PBXTargetDependency */ = {
			isa = PBXTargetDependency;
			target = 0B81858F2BCDA1DF0067499B /* SwiftForecast */;
			targetProxy = 0B8185AB2BCDA1E30067499B /* PBXContainerItemProxy */;
		};
/* End PBXTargetDependency section */

/* Begin XCBuildConfiguration section */
		0B8185B22BCDA1E30067499B /* Debug */ = {
			isa = XCBuildConfiguration;
			buildSettings = {
				ALWAYS_SEARCH_USER_PATHS = NO;
				CLANG_ANALYZER_NONNULL = YES;
				CLANG_ANALYZER_NUMBER_OBJECT_CONVERSION = YES_AGGRESSIVE;
				CLANG_CXX_LANGUAGE_STANDARD = "gnu++20";
				CLANG_ENABLE_MODULES = YES;
				CLANG_ENABLE_OBJC_ARC = YES;
				CLANG_ENABLE_OBJC_WEAK = YES;
				CLANG_WARN_BLOCK_CAPTURE_AUTORELEASING = YES;
				CLANG_WARN_BOOL_CONVERSION = YES;
				CLANG_WARN_COMMA = YES;
				CLANG_WARN_CONSTANT_CONVERSION = YES;
				CLANG_WARN_DEPRECATED_OBJC_IMPLEMENTATIONS = YES;
				CLANG_WARN_DIRECT_OBJC_ISA_USAGE = YES_ERROR;
				CLANG_WARN_DOCUMENTATION_COMMENTS = YES;
				CLANG_WARN_EMPTY_BODY = YES;
				CLANG_WARN_ENUM_CONVERSION = YES;
				CLANG_WARN_INFINITE_RECURSION = YES;
				CLANG_WARN_INT_CONVERSION = YES;
				CLANG_WARN_NON_LITERAL_NULL_CONVERSION = YES;
				CLANG_WARN_OBJC_IMPLICIT_RETAIN_SELF = YES;
				CLANG_WARN_OBJC_LITERAL_CONVERSION = YES;
				CLANG_WARN_OBJC_ROOT_CLASS = YES_ERROR;
				CLANG_WARN_QUOTED_INCLUDE_IN_FRAMEWORK_HEADER = YES;
				CLANG_WARN_RANGE_LOOP_ANALYSIS = YES;
				CLANG_WARN_STRICT_PROTOTYPES = YES;
				CLANG_WARN_SUSPICIOUS_MOVE = YES;
				CLANG_WARN_UNGUARDED_AVAILABILITY = YES_AGGRESSIVE;
				CLANG_WARN_UNREACHABLE_CODE = YES;
				CLANG_WARN__DUPLICATE_METHOD_MATCH = YES;
				COPY_PHASE_STRIP = NO;
				DEBUG_INFORMATION_FORMAT = dwarf;
				ENABLE_STRICT_OBJC_MSGSEND = YES;
				ENABLE_TESTABILITY = YES;
				GCC_C_LANGUAGE_STANDARD = gnu11;
				GCC_DYNAMIC_NO_PIC = NO;
				GCC_NO_COMMON_BLOCKS = YES;
				GCC_OPTIMIZATION_LEVEL = 0;
				GCC_PREPROCESSOR_DEFINITIONS = (
					"DEBUG=1",
					"$(inherited)",
				);
				GCC_WARN_64_TO_32_BIT_CONVERSION = YES;
				GCC_WARN_ABOUT_RETURN_TYPE = YES_ERROR;
				GCC_WARN_UNDECLARED_SELECTOR = YES;
				GCC_WARN_UNINITIALIZED_AUTOS = YES_AGGRESSIVE;
				GCC_WARN_UNUSED_FUNCTION = YES;
				GCC_WARN_UNUSED_VARIABLE = YES;
				IPHONEOS_DEPLOYMENT_TARGET = 16.2;
				MTL_ENABLE_DEBUG_INFO = INCLUDE_SOURCE;
				MTL_FAST_MATH = YES;
				ONLY_ACTIVE_ARCH = YES;
				SDKROOT = iphoneos;
				SWIFT_ACTIVE_COMPILATION_CONDITIONS = DEBUG;
				SWIFT_OPTIMIZATION_LEVEL = "-Onone";
			};
			name = Debug;
		};
		0B8185B32BCDA1E30067499B /* Release */ = {
			isa = XCBuildConfiguration;
			buildSettings = {
				ALWAYS_SEARCH_USER_PATHS = NO;
				CLANG_ANALYZER_NONNULL = YES;
				CLANG_ANALYZER_NUMBER_OBJECT_CONVERSION = YES_AGGRESSIVE;
				CLANG_CXX_LANGUAGE_STANDARD = "gnu++20";
				CLANG_ENABLE_MODULES = YES;
				CLANG_ENABLE_OBJC_ARC = YES;
				CLANG_ENABLE_OBJC_WEAK = YES;
				CLANG_WARN_BLOCK_CAPTURE_AUTORELEASING = YES;
				CLANG_WARN_BOOL_CONVERSION = YES;
				CLANG_WARN_COMMA = YES;
				CLANG_WARN_CONSTANT_CONVERSION = YES;
				CLANG_WARN_DEPRECATED_OBJC_IMPLEMENTATIONS = YES;
				CLANG_WARN_DIRECT_OBJC_ISA_USAGE = YES_ERROR;
				CLANG_WARN_DOCUMENTATION_COMMENTS = YES;
				CLANG_WARN_EMPTY_BODY = YES;
				CLANG_WARN_ENUM_CONVERSION = YES;
				CLANG_WARN_INFINITE_RECURSION = YES;
				CLANG_WARN_INT_CONVERSION = YES;
				CLANG_WARN_NON_LITERAL_NULL_CONVERSION = YES;
				CLANG_WARN_OBJC_IMPLICIT_RETAIN_SELF = YES;
				CLANG_WARN_OBJC_LITERAL_CONVERSION = YES;
				CLANG_WARN_OBJC_ROOT_CLASS = YES_ERROR;
				CLANG_WARN_QUOTED_INCLUDE_IN_FRAMEWORK_HEADER = YES;
				CLANG_WARN_RANGE_LOOP_ANALYSIS = YES;
				CLANG_WARN_STRICT_PROTOTYPES = YES;
				CLANG_WARN_SUSPICIOUS_MOVE = YES;
				CLANG_WARN_UNGUARDED_AVAILABILITY = YES_AGGRESSIVE;
				CLANG_WARN_UNREACHABLE_CODE = YES;
				CLANG_WARN__DUPLICATE_METHOD_MATCH = YES;
				COPY_PHASE_STRIP = NO;
				DEBUG_INFORMATION_FORMAT = "dwarf-with-dsym";
				ENABLE_NS_ASSERTIONS = NO;
				ENABLE_STRICT_OBJC_MSGSEND = YES;
				GCC_C_LANGUAGE_STANDARD = gnu11;
				GCC_NO_COMMON_BLOCKS = YES;
				GCC_WARN_64_TO_32_BIT_CONVERSION = YES;
				GCC_WARN_ABOUT_RETURN_TYPE = YES_ERROR;
				GCC_WARN_UNDECLARED_SELECTOR = YES;
				GCC_WARN_UNINITIALIZED_AUTOS = YES_AGGRESSIVE;
				GCC_WARN_UNUSED_FUNCTION = YES;
				GCC_WARN_UNUSED_VARIABLE = YES;
				IPHONEOS_DEPLOYMENT_TARGET = 16.2;
				MTL_ENABLE_DEBUG_INFO = NO;
				MTL_FAST_MATH = YES;
				SDKROOT = iphoneos;
				SWIFT_COMPILATION_MODE = wholemodule;
				SWIFT_OPTIMIZATION_LEVEL = "-O";
				VALIDATE_PRODUCT = YES;
			};
			name = Release;
		};
		0B8185B52BCDA1E30067499B /* Debug */ = {
			isa = XCBuildConfiguration;
			buildSettings = {
				ASSETCATALOG_COMPILER_APPICON_NAME = AppIcon;
				ASSETCATALOG_COMPILER_GLOBAL_ACCENT_COLOR_NAME = AccentColor;
				CODE_SIGN_STYLE = Automatic;
				CURRENT_PROJECT_VERSION = 1;
				DEVELOPMENT_ASSET_PATHS = "\"SwiftForecast/Preview Content\"";
				DEVELOPMENT_TEAM = D2KUN44K2A;
				ENABLE_PREVIEWS = YES;
				GENERATE_INFOPLIST_FILE = YES;
				INFOPLIST_KEY_UIApplicationSceneManifest_Generation = YES;
				INFOPLIST_KEY_UIApplicationSupportsIndirectInputEvents = YES;
				INFOPLIST_KEY_UILaunchScreen_Generation = YES;
				INFOPLIST_KEY_UISupportedInterfaceOrientations_iPad = "UIInterfaceOrientationPortrait UIInterfaceOrientationPortraitUpsideDown UIInterfaceOrientationLandscapeLeft UIInterfaceOrientationLandscapeRight";
				INFOPLIST_KEY_UISupportedInterfaceOrientations_iPhone = "UIInterfaceOrientationPortrait UIInterfaceOrientationLandscapeLeft UIInterfaceOrientationLandscapeRight";
				LD_RUNPATH_SEARCH_PATHS = (
					"$(inherited)",
					"@executable_path/Frameworks",
				);
				MARKETING_VERSION = 1.0;
				PRODUCT_BUNDLE_IDENTIFIER = com.ppam.con.SwiftForecast;
				PRODUCT_NAME = "$(TARGET_NAME)";
				SWIFT_EMIT_LOC_STRINGS = YES;
				SWIFT_VERSION = 5.0;
				TARGETED_DEVICE_FAMILY = "1,2";
			};
			name = Debug;
		};
		0B8185B62BCDA1E30067499B /* Release */ = {
			isa = XCBuildConfiguration;
			buildSettings = {
				ASSETCATALOG_COMPILER_APPICON_NAME = AppIcon;
				ASSETCATALOG_COMPILER_GLOBAL_ACCENT_COLOR_NAME = AccentColor;
				CODE_SIGN_STYLE = Automatic;
				CURRENT_PROJECT_VERSION = 1;
				DEVELOPMENT_ASSET_PATHS = "\"SwiftForecast/Preview Content\"";
				DEVELOPMENT_TEAM = D2KUN44K2A;
				ENABLE_PREVIEWS = YES;
				GENERATE_INFOPLIST_FILE = YES;
				INFOPLIST_KEY_UIApplicationSceneManifest_Generation = YES;
				INFOPLIST_KEY_UIApplicationSupportsIndirectInputEvents = YES;
				INFOPLIST_KEY_UILaunchScreen_Generation = YES;
				INFOPLIST_KEY_UISupportedInterfaceOrientations_iPad = "UIInterfaceOrientationPortrait UIInterfaceOrientationPortraitUpsideDown UIInterfaceOrientationLandscapeLeft UIInterfaceOrientationLandscapeRight";
				INFOPLIST_KEY_UISupportedInterfaceOrientations_iPhone = "UIInterfaceOrientationPortrait UIInterfaceOrientationLandscapeLeft UIInterfaceOrientationLandscapeRight";
				LD_RUNPATH_SEARCH_PATHS = (
					"$(inherited)",
					"@executable_path/Frameworks",
				);
				MARKETING_VERSION = 1.0;
				PRODUCT_BUNDLE_IDENTIFIER = com.ppam.con.SwiftForecast;
				PRODUCT_NAME = "$(TARGET_NAME)";
				SWIFT_EMIT_LOC_STRINGS = YES;
				SWIFT_VERSION = 5.0;
				TARGETED_DEVICE_FAMILY = "1,2";
			};
			name = Release;
		};
		0B8185B82BCDA1E30067499B /* Debug */ = {
			isa = XCBuildConfiguration;
			buildSettings = {
				ALWAYS_EMBED_SWIFT_STANDARD_LIBRARIES = YES;
				BUNDLE_LOADER = "$(TEST_HOST)";
				CODE_SIGN_STYLE = Automatic;
				CURRENT_PROJECT_VERSION = 1;
				DEVELOPMENT_TEAM = D2KUN44K2A;
				GENERATE_INFOPLIST_FILE = YES;
				IPHONEOS_DEPLOYMENT_TARGET = 16.2;
				MARKETING_VERSION = 1.0;
				PRODUCT_BUNDLE_IDENTIFIER = com.ppam.con.SwiftForecastTests;
				PRODUCT_NAME = "$(TARGET_NAME)";
				SWIFT_EMIT_LOC_STRINGS = NO;
				SWIFT_VERSION = 5.0;
				TARGETED_DEVICE_FAMILY = "1,2";
				TEST_HOST = "$(BUILT_PRODUCTS_DIR)/SwiftForecast.app/$(BUNDLE_EXECUTABLE_FOLDER_PATH)/SwiftForecast";
			};
			name = Debug;
		};
		0B8185B92BCDA1E30067499B /* Release */ = {
			isa = XCBuildConfiguration;
			buildSettings = {
				ALWAYS_EMBED_SWIFT_STANDARD_LIBRARIES = YES;
				BUNDLE_LOADER = "$(TEST_HOST)";
				CODE_SIGN_STYLE = Automatic;
				CURRENT_PROJECT_VERSION = 1;
				DEVELOPMENT_TEAM = D2KUN44K2A;
				GENERATE_INFOPLIST_FILE = YES;
				IPHONEOS_DEPLOYMENT_TARGET = 16.2;
				MARKETING_VERSION = 1.0;
				PRODUCT_BUNDLE_IDENTIFIER = com.ppam.con.SwiftForecastTests;
				PRODUCT_NAME = "$(TARGET_NAME)";
				SWIFT_EMIT_LOC_STRINGS = NO;
				SWIFT_VERSION = 5.0;
				TARGETED_DEVICE_FAMILY = "1,2";
				TEST_HOST = "$(BUILT_PRODUCTS_DIR)/SwiftForecast.app/$(BUNDLE_EXECUTABLE_FOLDER_PATH)/SwiftForecast";
			};
			name = Release;
		};
		0B8185BB2BCDA1E30067499B /* Debug */ = {
			isa = XCBuildConfiguration;
			buildSettings = {
				ALWAYS_EMBED_SWIFT_STANDARD_LIBRARIES = YES;
				CODE_SIGN_STYLE = Automatic;
				CURRENT_PROJECT_VERSION = 1;
				DEVELOPMENT_TEAM = D2KUN44K2A;
				GENERATE_INFOPLIST_FILE = YES;
				MARKETING_VERSION = 1.0;
				PRODUCT_BUNDLE_IDENTIFIER = com.ppam.con.SwiftForecastUITests;
				PRODUCT_NAME = "$(TARGET_NAME)";
				SWIFT_EMIT_LOC_STRINGS = NO;
				SWIFT_VERSION = 5.0;
				TARGETED_DEVICE_FAMILY = "1,2";
				TEST_TARGET_NAME = SwiftForecast;
			};
			name = Debug;
		};
		0B8185BC2BCDA1E30067499B /* Release */ = {
			isa = XCBuildConfiguration;
			buildSettings = {
				ALWAYS_EMBED_SWIFT_STANDARD_LIBRARIES = YES;
				CODE_SIGN_STYLE = Automatic;
				CURRENT_PROJECT_VERSION = 1;
				DEVELOPMENT_TEAM = D2KUN44K2A;
				GENERATE_INFOPLIST_FILE = YES;
				MARKETING_VERSION = 1.0;
				PRODUCT_BUNDLE_IDENTIFIER = com.ppam.con.SwiftForecastUITests;
				PRODUCT_NAME = "$(TARGET_NAME)";
				SWIFT_EMIT_LOC_STRINGS = NO;
				SWIFT_VERSION = 5.0;
				TARGETED_DEVICE_FAMILY = "1,2";
				TEST_TARGET_NAME = SwiftForecast;
			};
			name = Release;
		};
/* End XCBuildConfiguration section */

/* Begin XCConfigurationList section */
		0B81858B2BCDA1DF0067499B /* Build configuration list for PBXProject "SwiftForecast" */ = {
			isa = XCConfigurationList;
			buildConfigurations = (
				0B8185B22BCDA1E30067499B /* Debug */,
				0B8185B32BCDA1E30067499B /* Release */,
			);
			defaultConfigurationIsVisible = 0;
			defaultConfigurationName = Release;
		};
		0B8185B42BCDA1E30067499B /* Build configuration list for PBXNativeTarget "SwiftForecast" */ = {
			isa = XCConfigurationList;
			buildConfigurations = (
				0B8185B52BCDA1E30067499B /* Debug */,
				0B8185B62BCDA1E30067499B /* Release */,
			);
			defaultConfigurationIsVisible = 0;
			defaultConfigurationName = Release;
		};
		0B8185B72BCDA1E30067499B /* Build configuration list for PBXNativeTarget "SwiftForecastTests" */ = {
			isa = XCConfigurationList;
			buildConfigurations = (
				0B8185B82BCDA1E30067499B /* Debug */,
				0B8185B92BCDA1E30067499B /* Release */,
			);
			defaultConfigurationIsVisible = 0;
			defaultConfigurationName = Release;
		};
		0B8185BA2BCDA1E30067499B /* Build configuration list for PBXNativeTarget "SwiftForecastUITests" */ = {
			isa = XCConfigurationList;
			buildConfigurations = (
				0B8185BB2BCDA1E30067499B /* Debug */,
				0B8185BC2BCDA1E30067499B /* Release */,
			);
			defaultConfigurationIsVisible = 0;
			defaultConfigurationName = Release;
		};
/* End XCConfigurationList section */
	};
	rootObject = 0B8185882BCDA1DF0067499B /* Project object */;
}
